
Microsoft Visual Studio Solution File, Format Version 12.00
# Visual Studio Version 17
VisualStudioVersion = 17.4.33213.308
MinimumVisualStudioVersion = 10.0.40219.1
Project("{9A19103F-16F7-4668-BE54-9A1E7A4F7556}") = "ObfuscationMapGenerator", "ObfuscationMapGenerator\ObfuscationMapGenerator.csproj", "{1778447F-9BCF-4520-A796-4EBAA1284D71}"
EndProject
Project("{9A19103F-16F7-4668-BE54-9A1E7A4F7556}") = "Builder", "Builder\Builder.csproj", "{8207D86C-DABC-4071-A3C2-9F4638AFF30A}"
EndProject
Project("{FAE04EC0-301F-11D3-BF4B-00C04F79EFBC}") = "MappingApplyer", "MappingApplyer\MappingApplyer.csproj", "{B734B697-B1C0-4BBE-8C6F-EB7ED7A987CF}"
EndProject
Project("{FAE04EC0-301F-11D3-BF4B-00C04F79EFBC}") = "CodeWeaving", "CodeWeaving\CodeWeaving.csproj", "{0D37FE43-66EF-4B83-9541-8814FD95E354}"
EndProject
Project("{FAE04EC0-301F-11D3-BF4B-00C04F79EFBC}") = "Mixins", "Mixins\Mixins.csproj", "{04941F1E-611A-44AB-B3CC-0D7EC96FDF6D}"
EndProject
Project("{FAE04EC0-301F-11D3-BF4B-00C04F79EFBC}") = "ReferenceTypeBuilder", "ReferenceTypeBuilder\ReferenceTypeBuilder.csproj", "{A436927C-0FC6-47FD-9C6F-1092B32A5AA3}"
EndProject
Global
	GlobalSection(SolutionConfigurationPlatforms) = preSolution
		Debug|Any CPU = Debug|Any CPU
		Release|Any CPU = Release|Any CPU
	EndGlobalSection
	GlobalSection(ProjectConfigurationPlatforms) = postSolution
		{1778447F-9BCF-4520-A796-4EBAA1284D71}.Debug|Any CPU.ActiveCfg = Debug|Any CPU
		{1778447F-9BCF-4520-A796-4EBAA1284D71}.Debug|Any CPU.Build.0 = Debug|Any CPU
		{1778447F-9BCF-4520-A796-4EBAA1284D71}.Release|Any CPU.ActiveCfg = Release|Any CPU
		{1778447F-9BCF-4520-A796-4EBAA1284D71}.Release|Any CPU.Build.0 = Release|Any CPU
		{8207D86C-DABC-4071-A3C2-9F4638AFF30A}.Debug|Any CPU.ActiveCfg = Debug|Any CPU
		{8207D86C-DABC-4071-A3C2-9F4638AFF30A}.Debug|Any CPU.Build.0 = Debug|Any CPU
		{8207D86C-DABC-4071-A3C2-9F4638AFF30A}.Release|Any CPU.ActiveCfg = Release|Any CPU
		{8207D86C-DABC-4071-A3C2-9F4638AFF30A}.Release|Any CPU.Build.0 = Release|Any CPU
		{B734B697-B1C0-4BBE-8C6F-EB7ED7A987CF}.Debug|Any CPU.ActiveCfg = Debug|Any CPU
		{B734B697-B1C0-4BBE-8C6F-EB7ED7A987CF}.Debug|Any CPU.Build.0 = Debug|Any CPU
		{B734B697-B1C0-4BBE-8C6F-EB7ED7A987CF}.Release|Any CPU.ActiveCfg = Release|Any CPU
		{B734B697-B1C0-4BBE-8C6F-EB7ED7A987CF}.Release|Any CPU.Build.0 = Release|Any CPU
		{0D37FE43-66EF-4B83-9541-8814FD95E354}.Debug|Any CPU.ActiveCfg = Debug|Any CPU
		{0D37FE43-66EF-4B83-9541-8814FD95E354}.Debug|Any CPU.Build.0 = Debug|Any CPU
		{0D37FE43-66EF-4B83-9541-8814FD95E354}.Release|Any CPU.ActiveCfg = Release|Any CPU
		{0D37FE43-66EF-4B83-9541-8814FD95E354}.Release|Any CPU.Build.0 = Release|Any CPU
		{04941F1E-611A-44AB-B3CC-0D7EC96FDF6D}.Debug|Any CPU.ActiveCfg = Debug|Any CPU
		{04941F1E-611A-44AB-B3CC-0D7EC96FDF6D}.Debug|Any CPU.Build.0 = Debug|Any CPU
		{04941F1E-611A-44AB-B3CC-0D7EC96FDF6D}.Release|Any CPU.ActiveCfg = Release|Any CPU
		{04941F1E-611A-44AB-B3CC-0D7EC96FDF6D}.Release|Any CPU.Build.0 = Release|Any CPU
		{A436927C-0FC6-47FD-9C6F-1092B32A5AA3}.Debug|Any CPU.ActiveCfg = Debug|Any CPU
		{A436927C-0FC6-47FD-9C6F-1092B32A5AA3}.Debug|Any CPU.Build.0 = Debug|Any CPU
		{A436927C-0FC6-47FD-9C6F-1092B32A5AA3}.Release|Any CPU.ActiveCfg = Release|Any CPU
		{A436927C-0FC6-47FD-9C6F-1092B32A5AA3}.Release|Any CPU.Build.0 = Release|Any CPU
	EndGlobalSection
	GlobalSection(SolutionProperties) = preSolution
		HideSolutionNode = FALSE
	EndGlobalSection
	GlobalSection(ExtensibilityGlobals) = postSolution
		SolutionGuid = {23600977-04C1-4CF0-A5C2-334C391C8BFE}
	EndGlobalSection
EndGlobal
